
Microsoft Visual Studio Solution File, Format Version 12.00
# Visual Studio 15
VisualStudioVersion = 15.0.26403.7
MinimumVisualStudioVersion = 10.0.40219.1
Project("{9A19103F-16F7-4668-BE54-9A1E7A4F7556}") = "HelloWorld", "hello-world\HelloWorld.csproj", "{24CE7D5A-A5BD-4BD0-8CA8-FB6F8DE48FAD}"
EndProject
Project("{9A19103F-16F7-4668-BE54-9A1E7A4F7556}") = "Bob", "bob\Bob.csproj", "{C6E9C8E7-6B9A-4B1E-8D42-A612B16C8636}"
EndProject
Project("{9A19103F-16F7-4668-BE54-9A1E7A4F7556}") = "Leap", "leap\Leap.csproj", "{F5D3169E-357E-475D-84DE-E353871789F5}"
EndProject
Project("{9A19103F-16F7-4668-BE54-9A1E7A4F7556}") = "Gigasecond", "gigasecond\Gigasecond.csproj", "{731010FF-9F89-4923-A0E1-99021AEBCC2E}"
EndProject
Project("{9A19103F-16F7-4668-BE54-9A1E7A4F7556}") = "DifferenceOfSquares", "difference-of-squares\DifferenceOfSquares.csproj", "{55788954-D04B-475F-93D2-F0FFF9BE3FD9}"
EndProject
Project("{9A19103F-16F7-4668-BE54-9A1E7A4F7556}") = "RnaTranscription", "rna-transcription\RnaTranscription.csproj", "{38C22193-1749-47DE-95ED-F3A1D65EFA2B}"
EndProject
Project("{9A19103F-16F7-4668-BE54-9A1E7A4F7556}") = "SumOfMultiples", "sum-of-multiples\SumOfMultiples.csproj", "{B072C957-A775-490A-9E07-F3B730870C8D}"
EndProject
Project("{9A19103F-16F7-4668-BE54-9A1E7A4F7556}") = "SpaceAge", "space-age\SpaceAge.csproj", "{5815D7FE-1A5A-4403-A683-05E81F36D63F}"
EndProject
Project("{9A19103F-16F7-4668-BE54-9A1E7A4F7556}") = "Hamming", "hamming\Hamming.csproj", "{E914D5EA-9FCB-47A9-AD8E-870E2ACB3BE7}"
EndProject
Project("{9A19103F-16F7-4668-BE54-9A1E7A4F7556}") = "Grains", "grains\Grains.csproj", "{4EC777F8-F663-4B83-996C-F53795B1ECE2}"
EndProject
Project("{9A19103F-16F7-4668-BE54-9A1E7A4F7556}") = "Pangram", "pangram\Pangram.csproj", "{C422EE39-BD0A-4E96-AAA4-BADF61815BA1}"
EndProject
Project("{9A19103F-16F7-4668-BE54-9A1E7A4F7556}") = "Raindrops", "raindrops\Raindrops.csproj", "{B1B621D7-691A-4A99-BDCC-048FA9E60B73}"
EndProject
Project("{9A19103F-16F7-4668-BE54-9A1E7A4F7556}") = "NucleotideCount", "nucleotide-count\NucleotideCount.csproj", "{E6783EE6-AEE4-40CF-9356-BAEADBCAD707}"
EndProject
Project("{9A19103F-16F7-4668-BE54-9A1E7A4F7556}") = "Accumulate", "accumulate\Accumulate.csproj", "{9602DBC9-27F5-4FDF-B154-8AFA1E6C8ABF}"
EndProject
Project("{9A19103F-16F7-4668-BE54-9A1E7A4F7556}") = "BankAccount", "bank-account\BankAccount.csproj", "{D729B210-CEA9-4A3B-BF71-09CF633C0418}"
EndProject
Project("{9A19103F-16F7-4668-BE54-9A1E7A4F7556}") = "GradeSchool", "grade-school\GradeSchool.csproj", "{AA3123BC-B78A-4648-B8D8-E1C3F2639004}"
EndProject
Project("{9A19103F-16F7-4668-BE54-9A1E7A4F7556}") = "Etl", "etl\Etl.csproj", "{92DE7FCD-9726-48F0-AACE-DD51909F99CE}"
EndProject
Project("{9A19103F-16F7-4668-BE54-9A1E7A4F7556}") = "PhoneNumber", "phone-number\PhoneNumber.csproj", "{EF0BD87C-DBF5-498D-A6E2-30C7129FEE65}"
EndProject
Project("{9A19103F-16F7-4668-BE54-9A1E7A4F7556}") = "Strain", "strain\Strain.csproj", "{8E57D240-3D2D-4C96-AB69-D9A41861305F}"
EndProject
Project("{9A19103F-16F7-4668-BE54-9A1E7A4F7556}") = "ScrabbleScore", "scrabble-score\ScrabbleScore.csproj", "{D66CECA5-F83E-4ED3-8DFB-6034B85213BC}"
EndProject
Project("{9A19103F-16F7-4668-BE54-9A1E7A4F7556}") = "Proverb", "proverb\Proverb.csproj", "{FB309E19-85CA-47A1-BCCF-D1D488D7D6D6}"
EndProject
Project("{9A19103F-16F7-4668-BE54-9A1E7A4F7556}") = "RobotName", "robot-name\RobotName.csproj", "{170B8D89-B4F1-4452-AF57-8D4136DCEF0E}"
EndProject
Project("{9A19103F-16F7-4668-BE54-9A1E7A4F7556}") = "ErrorHandling", "error-handling\ErrorHandling.csproj", "{CB029B06-B55B-4AF0-9445-F81D2C033CDB}"
EndProject
Project("{9A19103F-16F7-4668-BE54-9A1E7A4F7556}") = "KindergartenGarden", "kindergarten-garden\KindergartenGarden.csproj", "{9561A9AA-7234-4E27-B7C2-0A5235F879CD}"
EndProject
Project("{9A19103F-16F7-4668-BE54-9A1E7A4F7556}") = "ProteinTranslation", "protein-translation\ProteinTranslation.csproj", "{828BF76A-6186-4EB6-A42B-3BA367D19F19}"
EndProject
Project("{9A19103F-16F7-4668-BE54-9A1E7A4F7556}") = "PerfectNumbers", "perfect-numbers\PerfectNumbers.csproj", "{220250AD-817E-4AF1-BAB5-9484F63F244B}"
EndProject
Project("{9A19103F-16F7-4668-BE54-9A1E7A4F7556}") = "Clock", "clock\Clock.csproj", "{6245A040-A87E-4A9E-9311-C774D1F1EFE2}"
EndProject
Project("{9A19103F-16F7-4668-BE54-9A1E7A4F7556}") = "Triangle", "triangle\Triangle.csproj", "{04E391BB-23F7-415A-BDC7-5B7252CAC23C}"
EndProject
Project("{9A19103F-16F7-4668-BE54-9A1E7A4F7556}") = "BeerSong", "beer-song\BeerSong.csproj", "{E0E05763-BB97-479D-86A9-151EA2D6B112}"
EndProject
Project("{9A19103F-16F7-4668-BE54-9A1E7A4F7556}") = "Sieve", "sieve\Sieve.csproj", "{1D552AE0-B86E-4C59-8F0C-7B514B9BC2DE}"
EndProject
Project("{9A19103F-16F7-4668-BE54-9A1E7A4F7556}") = "QueenAttack", "queen-attack\QueenAttack.csproj", "{AFE676F0-8E05-4EB4-A46D-B491AE3A230A}"
EndProject
Project("{9A19103F-16F7-4668-BE54-9A1E7A4F7556}") = "BinarySearch", "binary-search\BinarySearch.csproj", "{828AACB6-297A-475F-9D5B-A95744F1629B}"
EndProject
Project("{9A19103F-16F7-4668-BE54-9A1E7A4F7556}") = "RobotSimulator", "robot-simulator\RobotSimulator.csproj", "{D443D2C5-3D57-4D77-A5B7-0B187B915E0E}"
EndProject
Project("{9A19103F-16F7-4668-BE54-9A1E7A4F7556}") = "Matrix", "matrix\Matrix.csproj", "{41570764-DB22-420E-BCEA-C8FE9C0CBA38}"
EndProject
Project("{9A19103F-16F7-4668-BE54-9A1E7A4F7556}") = "LargestSeriesProduct", "largest-series-product\LargestSeriesProduct.csproj", "{9857E03B-0689-4C35-95E1-E4C2C3E27283}"
EndProject
Project("{9A19103F-16F7-4668-BE54-9A1E7A4F7556}") = "House", "house\House.csproj", "{EB4F5437-F800-4DE4-B59B-22FF07EA1BD5}"
EndProject
Project("{9A19103F-16F7-4668-BE54-9A1E7A4F7556}") = "SaddlePoints", "saddle-points\SaddlePoints.csproj", "{F6CA1D03-4598-49F0-8E4A-7D83AEA0E733}"
EndProject
Project("{9A19103F-16F7-4668-BE54-9A1E7A4F7556}") = "PythagoreanTriplet", "pythagorean-triplet\PythagoreanTriplet.csproj", "{FCEE3E64-5FDD-4CD2-9BA1-98C7715F050D}"
EndProject
Project("{9A19103F-16F7-4668-BE54-9A1E7A4F7556}") = "Series", "series\Series.csproj", "{C2B2A8B6-27E1-480B-8EE6-0F7ED1354BFC}"
EndProject
Project("{9A19103F-16F7-4668-BE54-9A1E7A4F7556}") = "TwelveDays", "twelve-days\TwelveDays.csproj", "{323B1D9F-912A-4E31-85FF-F607933D7371}"
EndProject
Project("{9A19103F-16F7-4668-BE54-9A1E7A4F7556}") = "Anagram", "anagram\Anagram.csproj", "{FBC358BA-6F23-4C6D-B997-4DE31498AD8A}"
EndProject
Project("{9A19103F-16F7-4668-BE54-9A1E7A4F7556}") = "WordCount", "word-count\WordCount.csproj", "{C921733D-2DA4-433F-9787-B7E52B2C8D8E}"
EndProject
Project("{9A19103F-16F7-4668-BE54-9A1E7A4F7556}") = "PrimeFactors", "prime-factors\PrimeFactors.csproj", "{364D32DA-B627-4E2A-BF31-8F9A0C025AFE}"
EndProject
Project("{9A19103F-16F7-4668-BE54-9A1E7A4F7556}") = "Meetup", "meetup\Meetup.csproj", "{78773D71-26D4-4A36-8260-5192B2F2D9CF}"
EndProject
Project("{9A19103F-16F7-4668-BE54-9A1E7A4F7556}") = "AllYourBase", "all-your-base\AllYourBase.csproj", "{1270BB7A-8C58-4D8A-8AC3-76A7B7871795}"
EndProject
Project("{9A19103F-16F7-4668-BE54-9A1E7A4F7556}") = "PascalsTriangle", "pascals-triangle\PascalsTriangle.csproj", "{FF7C7D2D-F738-439F-97AD-2AADAD7637BD}"
EndProject
Project("{9A19103F-16F7-4668-BE54-9A1E7A4F7556}") = "ListOps", "list-ops\ListOps.csproj", "{6439D7FF-E208-40DC-8362-A389D2F6C630}"
EndProject
Project("{9A19103F-16F7-4668-BE54-9A1E7A4F7556}") = "SimpleCipher", "simple-cipher\SimpleCipher.csproj", "{EEDEABD8-42E2-43DF-B9EA-945F72C50C1C}"
EndProject
Project("{9A19103F-16F7-4668-BE54-9A1E7A4F7556}") = "RomanNumerals", "roman-numerals\RomanNumerals.csproj", "{09C73DE2-7815-41F6-8856-167312F41104}"
EndProject
Project("{9A19103F-16F7-4668-BE54-9A1E7A4F7556}") = "Acronym", "acronym\Acronym.csproj", "{0CF9609C-0770-43C0-8DFC-A4DAA1746891}"
EndProject
Project("{9A19103F-16F7-4668-BE54-9A1E7A4F7556}") = "FlattenArray", "flatten-array\FlattenArray.csproj", "{7FA39AEF-EE41-4853-B2A0-B3A933B393CB}"
EndProject
Project("{9A19103F-16F7-4668-BE54-9A1E7A4F7556}") = "BinarySearchTree", "binary-search-tree\BinarySearchTree.csproj", "{65C6D41C-6B5E-4C84-9538-06EFA3D68E00}"
EndProject
Project("{9A19103F-16F7-4668-BE54-9A1E7A4F7556}") = "Minesweeper", "minesweeper\Minesweeper.csproj", "{2FB58CC3-E69F-4CAA-A93D-0D99E4D0BA54}"
EndProject
Project("{9A19103F-16F7-4668-BE54-9A1E7A4F7556}") = "AtbashCipher", "atbash-cipher\AtbashCipher.csproj", "{CE39BD38-A768-4B19-BCE7-FCFE09AE704B}"
EndProject
Project("{9A19103F-16F7-4668-BE54-9A1E7A4F7556}") = "FoodChain", "food-chain\FoodChain.csproj", "{5CD29672-3697-4966-BE23-D222280F5FE1}"
EndProject
Project("{9A19103F-16F7-4668-BE54-9A1E7A4F7556}") = "Grep", "grep\Grep.csproj", "{0360BDAA-16AE-4A8A-99AC-5AAE9758C0EE}"
EndProject
Project("{9A19103F-16F7-4668-BE54-9A1E7A4F7556}") = "Sublist", "sublist\Sublist.csproj", "{7F3BC679-9F6D-4ECD-BCC9-A7855FD609D0}"
EndProject
Project("{9A19103F-16F7-4668-BE54-9A1E7A4F7556}") = "TreeBuilding", "tree-building\TreeBuilding.csproj", "{159C5A6A-BC78-43D4-8CF1-E6A93D372FB4}"
EndProject
Project("{9A19103F-16F7-4668-BE54-9A1E7A4F7556}") = "ScaleGenerator", "scale-generator\ScaleGenerator.csproj", "{5B9D2677-A886-48D3-95B5-A4962B1D4569}"
EndProject
Project("{9A19103F-16F7-4668-BE54-9A1E7A4F7556}") = "BracketPush", "bracket-push\BracketPush.csproj", "{77517D5D-2337-4841-977C-45218659BF5B}"
EndProject
Project("{9A19103F-16F7-4668-BE54-9A1E7A4F7556}") = "ParallelLetterFrequency", "parallel-letter-frequency\ParallelLetterFrequency.csproj", "{1AF0CED2-1E68-4E57-BC5D-8AABD9BF6DED}"
EndProject
Project("{9A19103F-16F7-4668-BE54-9A1E7A4F7556}") = "LinkedList", "linked-list\LinkedList.csproj", "{9213E9EB-C4EF-4DF0-B954-BDAE43B403E9}"
EndProject
Project("{9A19103F-16F7-4668-BE54-9A1E7A4F7556}") = "CryptoSquare", "crypto-square\CryptoSquare.csproj", "{0001B441-8FCB-4D81-8255-64B58942E9FD}"
EndProject
Project("{9A19103F-16F7-4668-BE54-9A1E7A4F7556}") = "Ledger", "ledger\Ledger.csproj", "{4898F40A-10DB-49E2-B660-9D68FF2A27FE}"
EndProject
Project("{9A19103F-16F7-4668-BE54-9A1E7A4F7556}") = "CustomSet", "custom-set\CustomSet.csproj", "{1CC6CDF9-3618-4CDD-975D-259636D23D26}"
EndProject
Project("{9A19103F-16F7-4668-BE54-9A1E7A4F7556}") = "DotDsl", "dot-dsl\DotDsl.csproj", "{565A5802-1241-445C-99FC-19E03BA2CFFF}"
EndProject
Project("{9A19103F-16F7-4668-BE54-9A1E7A4F7556}") = "OcrNumbers", "ocr-numbers\OcrNumbers.csproj", "{2CE58508-136F-4304-9D18-99C5FE7684CB}"
EndProject
Project("{9A19103F-16F7-4668-BE54-9A1E7A4F7556}") = "CircularBuffer", "circular-buffer\CircularBuffer.csproj", "{39EFB795-073A-4218-BE35-1DB8BA405D49}"
EndProject
Project("{9A19103F-16F7-4668-BE54-9A1E7A4F7556}") = "Luhn", "luhn\Luhn.csproj", "{2EB9C1AD-A577-4880-B22B-30A0FB43F2C3}"
EndProject
Project("{9A19103F-16F7-4668-BE54-9A1E7A4F7556}") = "Markdown", "markdown\Markdown.csproj", "{59744CE7-D77D-4AA9-B59E-14CBF1F01166}"
EndProject
Project("{9A19103F-16F7-4668-BE54-9A1E7A4F7556}") = "RunLengthEncoding", "run-length-encoding\RunLengthEncoding.csproj", "{6722A8C7-6AFA-4A15-BA02-5C0802C8DFD0}"
EndProject
Project("{9A19103F-16F7-4668-BE54-9A1E7A4F7556}") = "BookStore", "book-store\BookStore.csproj", "{4374684F-45C6-4A1A-9346-E488B867E9EC}"
EndProject
Project("{9A19103F-16F7-4668-BE54-9A1E7A4F7556}") = "Tournament", "tournament\Tournament.csproj", "{DE03B079-635A-43A8-9EC6-E3C39124AB7B}"
EndProject
Project("{9A19103F-16F7-4668-BE54-9A1E7A4F7556}") = "WordSearch", "word-search\WordSearch.csproj", "{DD5C540D-BA02-4285-A43E-839D16F8BAFC}"
EndProject
Project("{9A19103F-16F7-4668-BE54-9A1E7A4F7556}") = "Bowling", "bowling\Bowling.csproj", "{AFE45E80-B766-49FE-ABC5-ED7F8F755BEB}"
EndProject
Project("{9A19103F-16F7-4668-BE54-9A1E7A4F7556}") = "Transpose", "transpose\Transpose.csproj", "{F491E7B1-2C74-48C0-842F-00515656D18E}"
EndProject
Project("{9A19103F-16F7-4668-BE54-9A1E7A4F7556}") = "NthPrime", "nth-prime\NthPrime.csproj", "{ABB8E4AD-590C-45CA-81B4-067A56712AE9}"
EndProject
Project("{9A19103F-16F7-4668-BE54-9A1E7A4F7556}") = "PigLatin", "pig-latin\PigLatin.csproj", "{198B2AD8-3738-42EE-9891-0125EEE2E891}"
EndProject
Project("{9A19103F-16F7-4668-BE54-9A1E7A4F7556}") = "RailFenceCipher", "rail-fence-cipher\RailFenceCipher.csproj", "{4B114686-1557-412E-9AD8-853E002D7786}"
EndProject
Project("{9A19103F-16F7-4668-BE54-9A1E7A4F7556}") = "RotationalCipher", "rotational-cipher\RotationalCipher.csproj", "{119F79DE-516C-4612-84EB-0766DA3D1BD4}"
EndProject
Global
	GlobalSection(SolutionConfigurationPlatforms) = preSolution
		Debug|Any CPU = Debug|Any CPU
		Release|Any CPU = Release|Any CPU
	EndGlobalSection
	GlobalSection(ProjectConfigurationPlatforms) = postSolution
		{24CE7D5A-A5BD-4BD0-8CA8-FB6F8DE48FAD}.Debug|Any CPU.ActiveCfg = Debug|Any CPU
		{24CE7D5A-A5BD-4BD0-8CA8-FB6F8DE48FAD}.Debug|Any CPU.Build.0 = Debug|Any CPU
		{24CE7D5A-A5BD-4BD0-8CA8-FB6F8DE48FAD}.Release|Any CPU.ActiveCfg = Release|Any CPU
		{24CE7D5A-A5BD-4BD0-8CA8-FB6F8DE48FAD}.Release|Any CPU.Build.0 = Release|Any CPU
		{C6E9C8E7-6B9A-4B1E-8D42-A612B16C8636}.Debug|Any CPU.ActiveCfg = Debug|Any CPU
		{C6E9C8E7-6B9A-4B1E-8D42-A612B16C8636}.Debug|Any CPU.Build.0 = Debug|Any CPU
		{C6E9C8E7-6B9A-4B1E-8D42-A612B16C8636}.Release|Any CPU.ActiveCfg = Release|Any CPU
		{C6E9C8E7-6B9A-4B1E-8D42-A612B16C8636}.Release|Any CPU.Build.0 = Release|Any CPU
		{F5D3169E-357E-475D-84DE-E353871789F5}.Debug|Any CPU.ActiveCfg = Debug|Any CPU
		{F5D3169E-357E-475D-84DE-E353871789F5}.Debug|Any CPU.Build.0 = Debug|Any CPU
		{F5D3169E-357E-475D-84DE-E353871789F5}.Release|Any CPU.ActiveCfg = Release|Any CPU
		{F5D3169E-357E-475D-84DE-E353871789F5}.Release|Any CPU.Build.0 = Release|Any CPU
		{731010FF-9F89-4923-A0E1-99021AEBCC2E}.Debug|Any CPU.ActiveCfg = Debug|Any CPU
		{731010FF-9F89-4923-A0E1-99021AEBCC2E}.Debug|Any CPU.Build.0 = Debug|Any CPU
		{731010FF-9F89-4923-A0E1-99021AEBCC2E}.Release|Any CPU.ActiveCfg = Release|Any CPU
		{731010FF-9F89-4923-A0E1-99021AEBCC2E}.Release|Any CPU.Build.0 = Release|Any CPU
		{55788954-D04B-475F-93D2-F0FFF9BE3FD9}.Debug|Any CPU.ActiveCfg = Debug|Any CPU
		{55788954-D04B-475F-93D2-F0FFF9BE3FD9}.Debug|Any CPU.Build.0 = Debug|Any CPU
		{55788954-D04B-475F-93D2-F0FFF9BE3FD9}.Release|Any CPU.ActiveCfg = Release|Any CPU
		{55788954-D04B-475F-93D2-F0FFF9BE3FD9}.Release|Any CPU.Build.0 = Release|Any CPU
		{38C22193-1749-47DE-95ED-F3A1D65EFA2B}.Debug|Any CPU.ActiveCfg = Debug|Any CPU
		{38C22193-1749-47DE-95ED-F3A1D65EFA2B}.Debug|Any CPU.Build.0 = Debug|Any CPU
		{38C22193-1749-47DE-95ED-F3A1D65EFA2B}.Release|Any CPU.ActiveCfg = Release|Any CPU
		{38C22193-1749-47DE-95ED-F3A1D65EFA2B}.Release|Any CPU.Build.0 = Release|Any CPU
		{B072C957-A775-490A-9E07-F3B730870C8D}.Debug|Any CPU.ActiveCfg = Debug|Any CPU
		{B072C957-A775-490A-9E07-F3B730870C8D}.Debug|Any CPU.Build.0 = Debug|Any CPU
		{B072C957-A775-490A-9E07-F3B730870C8D}.Release|Any CPU.ActiveCfg = Release|Any CPU
		{B072C957-A775-490A-9E07-F3B730870C8D}.Release|Any CPU.Build.0 = Release|Any CPU
		{5815D7FE-1A5A-4403-A683-05E81F36D63F}.Debug|Any CPU.ActiveCfg = Debug|Any CPU
		{5815D7FE-1A5A-4403-A683-05E81F36D63F}.Debug|Any CPU.Build.0 = Debug|Any CPU
		{5815D7FE-1A5A-4403-A683-05E81F36D63F}.Release|Any CPU.ActiveCfg = Release|Any CPU
		{5815D7FE-1A5A-4403-A683-05E81F36D63F}.Release|Any CPU.Build.0 = Release|Any CPU
		{E914D5EA-9FCB-47A9-AD8E-870E2ACB3BE7}.Debug|Any CPU.ActiveCfg = Debug|Any CPU
		{E914D5EA-9FCB-47A9-AD8E-870E2ACB3BE7}.Debug|Any CPU.Build.0 = Debug|Any CPU
		{E914D5EA-9FCB-47A9-AD8E-870E2ACB3BE7}.Release|Any CPU.ActiveCfg = Release|Any CPU
		{E914D5EA-9FCB-47A9-AD8E-870E2ACB3BE7}.Release|Any CPU.Build.0 = Release|Any CPU
		{4EC777F8-F663-4B83-996C-F53795B1ECE2}.Debug|Any CPU.ActiveCfg = Debug|Any CPU
		{4EC777F8-F663-4B83-996C-F53795B1ECE2}.Debug|Any CPU.Build.0 = Debug|Any CPU
		{4EC777F8-F663-4B83-996C-F53795B1ECE2}.Release|Any CPU.ActiveCfg = Release|Any CPU
		{4EC777F8-F663-4B83-996C-F53795B1ECE2}.Release|Any CPU.Build.0 = Release|Any CPU
		{C422EE39-BD0A-4E96-AAA4-BADF61815BA1}.Debug|Any CPU.ActiveCfg = Debug|Any CPU
		{C422EE39-BD0A-4E96-AAA4-BADF61815BA1}.Debug|Any CPU.Build.0 = Debug|Any CPU
		{C422EE39-BD0A-4E96-AAA4-BADF61815BA1}.Release|Any CPU.ActiveCfg = Release|Any CPU
		{C422EE39-BD0A-4E96-AAA4-BADF61815BA1}.Release|Any CPU.Build.0 = Release|Any CPU
		{B1B621D7-691A-4A99-BDCC-048FA9E60B73}.Debug|Any CPU.ActiveCfg = Debug|Any CPU
		{B1B621D7-691A-4A99-BDCC-048FA9E60B73}.Debug|Any CPU.Build.0 = Debug|Any CPU
		{B1B621D7-691A-4A99-BDCC-048FA9E60B73}.Release|Any CPU.ActiveCfg = Release|Any CPU
		{B1B621D7-691A-4A99-BDCC-048FA9E60B73}.Release|Any CPU.Build.0 = Release|Any CPU
		{E6783EE6-AEE4-40CF-9356-BAEADBCAD707}.Debug|Any CPU.ActiveCfg = Debug|Any CPU
		{E6783EE6-AEE4-40CF-9356-BAEADBCAD707}.Debug|Any CPU.Build.0 = Debug|Any CPU
		{E6783EE6-AEE4-40CF-9356-BAEADBCAD707}.Release|Any CPU.ActiveCfg = Release|Any CPU
		{E6783EE6-AEE4-40CF-9356-BAEADBCAD707}.Release|Any CPU.Build.0 = Release|Any CPU
		{9602DBC9-27F5-4FDF-B154-8AFA1E6C8ABF}.Debug|Any CPU.ActiveCfg = Debug|Any CPU
		{9602DBC9-27F5-4FDF-B154-8AFA1E6C8ABF}.Debug|Any CPU.Build.0 = Debug|Any CPU
		{9602DBC9-27F5-4FDF-B154-8AFA1E6C8ABF}.Release|Any CPU.ActiveCfg = Release|Any CPU
		{9602DBC9-27F5-4FDF-B154-8AFA1E6C8ABF}.Release|Any CPU.Build.0 = Release|Any CPU
		{D729B210-CEA9-4A3B-BF71-09CF633C0418}.Debug|Any CPU.ActiveCfg = Debug|Any CPU
		{D729B210-CEA9-4A3B-BF71-09CF633C0418}.Debug|Any CPU.Build.0 = Debug|Any CPU
		{D729B210-CEA9-4A3B-BF71-09CF633C0418}.Release|Any CPU.ActiveCfg = Release|Any CPU
		{D729B210-CEA9-4A3B-BF71-09CF633C0418}.Release|Any CPU.Build.0 = Release|Any CPU
		{AA3123BC-B78A-4648-B8D8-E1C3F2639004}.Debug|Any CPU.ActiveCfg = Debug|Any CPU
		{AA3123BC-B78A-4648-B8D8-E1C3F2639004}.Debug|Any CPU.Build.0 = Debug|Any CPU
		{AA3123BC-B78A-4648-B8D8-E1C3F2639004}.Release|Any CPU.ActiveCfg = Release|Any CPU
		{AA3123BC-B78A-4648-B8D8-E1C3F2639004}.Release|Any CPU.Build.0 = Release|Any CPU
		{92DE7FCD-9726-48F0-AACE-DD51909F99CE}.Debug|Any CPU.ActiveCfg = Debug|Any CPU
		{92DE7FCD-9726-48F0-AACE-DD51909F99CE}.Debug|Any CPU.Build.0 = Debug|Any CPU
		{92DE7FCD-9726-48F0-AACE-DD51909F99CE}.Release|Any CPU.ActiveCfg = Release|Any CPU
		{92DE7FCD-9726-48F0-AACE-DD51909F99CE}.Release|Any CPU.Build.0 = Release|Any CPU
		{EF0BD87C-DBF5-498D-A6E2-30C7129FEE65}.Debug|Any CPU.ActiveCfg = Debug|Any CPU
		{EF0BD87C-DBF5-498D-A6E2-30C7129FEE65}.Debug|Any CPU.Build.0 = Debug|Any CPU
		{EF0BD87C-DBF5-498D-A6E2-30C7129FEE65}.Release|Any CPU.ActiveCfg = Release|Any CPU
		{EF0BD87C-DBF5-498D-A6E2-30C7129FEE65}.Release|Any CPU.Build.0 = Release|Any CPU
		{8E57D240-3D2D-4C96-AB69-D9A41861305F}.Debug|Any CPU.ActiveCfg = Debug|Any CPU
		{8E57D240-3D2D-4C96-AB69-D9A41861305F}.Debug|Any CPU.Build.0 = Debug|Any CPU
		{8E57D240-3D2D-4C96-AB69-D9A41861305F}.Release|Any CPU.ActiveCfg = Release|Any CPU
		{8E57D240-3D2D-4C96-AB69-D9A41861305F}.Release|Any CPU.Build.0 = Release|Any CPU
		{D66CECA5-F83E-4ED3-8DFB-6034B85213BC}.Debug|Any CPU.ActiveCfg = Debug|Any CPU
		{D66CECA5-F83E-4ED3-8DFB-6034B85213BC}.Debug|Any CPU.Build.0 = Debug|Any CPU
		{D66CECA5-F83E-4ED3-8DFB-6034B85213BC}.Release|Any CPU.ActiveCfg = Release|Any CPU
		{D66CECA5-F83E-4ED3-8DFB-6034B85213BC}.Release|Any CPU.Build.0 = Release|Any CPU
		{FB309E19-85CA-47A1-BCCF-D1D488D7D6D6}.Debug|Any CPU.ActiveCfg = Debug|Any CPU
		{FB309E19-85CA-47A1-BCCF-D1D488D7D6D6}.Debug|Any CPU.Build.0 = Debug|Any CPU
		{FB309E19-85CA-47A1-BCCF-D1D488D7D6D6}.Release|Any CPU.ActiveCfg = Release|Any CPU
		{FB309E19-85CA-47A1-BCCF-D1D488D7D6D6}.Release|Any CPU.Build.0 = Release|Any CPU
		{170B8D89-B4F1-4452-AF57-8D4136DCEF0E}.Debug|Any CPU.ActiveCfg = Debug|Any CPU
		{170B8D89-B4F1-4452-AF57-8D4136DCEF0E}.Debug|Any CPU.Build.0 = Debug|Any CPU
		{170B8D89-B4F1-4452-AF57-8D4136DCEF0E}.Release|Any CPU.ActiveCfg = Release|Any CPU
		{170B8D89-B4F1-4452-AF57-8D4136DCEF0E}.Release|Any CPU.Build.0 = Release|Any CPU
		{CB029B06-B55B-4AF0-9445-F81D2C033CDB}.Debug|Any CPU.ActiveCfg = Debug|Any CPU
		{CB029B06-B55B-4AF0-9445-F81D2C033CDB}.Debug|Any CPU.Build.0 = Debug|Any CPU
		{CB029B06-B55B-4AF0-9445-F81D2C033CDB}.Release|Any CPU.ActiveCfg = Release|Any CPU
		{CB029B06-B55B-4AF0-9445-F81D2C033CDB}.Release|Any CPU.Build.0 = Release|Any CPU
		{9561A9AA-7234-4E27-B7C2-0A5235F879CD}.Debug|Any CPU.ActiveCfg = Debug|Any CPU
		{9561A9AA-7234-4E27-B7C2-0A5235F879CD}.Debug|Any CPU.Build.0 = Debug|Any CPU
		{9561A9AA-7234-4E27-B7C2-0A5235F879CD}.Release|Any CPU.ActiveCfg = Release|Any CPU
		{9561A9AA-7234-4E27-B7C2-0A5235F879CD}.Release|Any CPU.Build.0 = Release|Any CPU
		{828BF76A-6186-4EB6-A42B-3BA367D19F19}.Debug|Any CPU.ActiveCfg = Debug|Any CPU
		{828BF76A-6186-4EB6-A42B-3BA367D19F19}.Debug|Any CPU.Build.0 = Debug|Any CPU
		{828BF76A-6186-4EB6-A42B-3BA367D19F19}.Release|Any CPU.ActiveCfg = Release|Any CPU
		{828BF76A-6186-4EB6-A42B-3BA367D19F19}.Release|Any CPU.Build.0 = Release|Any CPU
		{220250AD-817E-4AF1-BAB5-9484F63F244B}.Debug|Any CPU.ActiveCfg = Debug|Any CPU
		{220250AD-817E-4AF1-BAB5-9484F63F244B}.Debug|Any CPU.Build.0 = Debug|Any CPU
		{220250AD-817E-4AF1-BAB5-9484F63F244B}.Release|Any CPU.ActiveCfg = Release|Any CPU
		{220250AD-817E-4AF1-BAB5-9484F63F244B}.Release|Any CPU.Build.0 = Release|Any CPU
		{6245A040-A87E-4A9E-9311-C774D1F1EFE2}.Debug|Any CPU.ActiveCfg = Debug|Any CPU
		{6245A040-A87E-4A9E-9311-C774D1F1EFE2}.Debug|Any CPU.Build.0 = Debug|Any CPU
		{6245A040-A87E-4A9E-9311-C774D1F1EFE2}.Release|Any CPU.ActiveCfg = Release|Any CPU
		{6245A040-A87E-4A9E-9311-C774D1F1EFE2}.Release|Any CPU.Build.0 = Release|Any CPU
		{04E391BB-23F7-415A-BDC7-5B7252CAC23C}.Debug|Any CPU.ActiveCfg = Debug|Any CPU
		{04E391BB-23F7-415A-BDC7-5B7252CAC23C}.Debug|Any CPU.Build.0 = Debug|Any CPU
		{04E391BB-23F7-415A-BDC7-5B7252CAC23C}.Release|Any CPU.ActiveCfg = Release|Any CPU
		{04E391BB-23F7-415A-BDC7-5B7252CAC23C}.Release|Any CPU.Build.0 = Release|Any CPU
		{E0E05763-BB97-479D-86A9-151EA2D6B112}.Debug|Any CPU.ActiveCfg = Debug|Any CPU
		{E0E05763-BB97-479D-86A9-151EA2D6B112}.Debug|Any CPU.Build.0 = Debug|Any CPU
		{E0E05763-BB97-479D-86A9-151EA2D6B112}.Release|Any CPU.ActiveCfg = Release|Any CPU
		{E0E05763-BB97-479D-86A9-151EA2D6B112}.Release|Any CPU.Build.0 = Release|Any CPU
		{1D552AE0-B86E-4C59-8F0C-7B514B9BC2DE}.Debug|Any CPU.ActiveCfg = Debug|Any CPU
		{1D552AE0-B86E-4C59-8F0C-7B514B9BC2DE}.Debug|Any CPU.Build.0 = Debug|Any CPU
		{1D552AE0-B86E-4C59-8F0C-7B514B9BC2DE}.Release|Any CPU.ActiveCfg = Release|Any CPU
		{1D552AE0-B86E-4C59-8F0C-7B514B9BC2DE}.Release|Any CPU.Build.0 = Release|Any CPU
		{AFE676F0-8E05-4EB4-A46D-B491AE3A230A}.Debug|Any CPU.ActiveCfg = Debug|Any CPU
		{AFE676F0-8E05-4EB4-A46D-B491AE3A230A}.Debug|Any CPU.Build.0 = Debug|Any CPU
		{AFE676F0-8E05-4EB4-A46D-B491AE3A230A}.Release|Any CPU.ActiveCfg = Release|Any CPU
		{AFE676F0-8E05-4EB4-A46D-B491AE3A230A}.Release|Any CPU.Build.0 = Release|Any CPU
		{828AACB6-297A-475F-9D5B-A95744F1629B}.Debug|Any CPU.ActiveCfg = Debug|Any CPU
		{828AACB6-297A-475F-9D5B-A95744F1629B}.Debug|Any CPU.Build.0 = Debug|Any CPU
		{828AACB6-297A-475F-9D5B-A95744F1629B}.Release|Any CPU.ActiveCfg = Release|Any CPU
		{828AACB6-297A-475F-9D5B-A95744F1629B}.Release|Any CPU.Build.0 = Release|Any CPU
		{D443D2C5-3D57-4D77-A5B7-0B187B915E0E}.Debug|Any CPU.ActiveCfg = Debug|Any CPU
		{D443D2C5-3D57-4D77-A5B7-0B187B915E0E}.Debug|Any CPU.Build.0 = Debug|Any CPU
		{D443D2C5-3D57-4D77-A5B7-0B187B915E0E}.Release|Any CPU.ActiveCfg = Release|Any CPU
		{D443D2C5-3D57-4D77-A5B7-0B187B915E0E}.Release|Any CPU.Build.0 = Release|Any CPU
		{41570764-DB22-420E-BCEA-C8FE9C0CBA38}.Debug|Any CPU.ActiveCfg = Debug|Any CPU
		{41570764-DB22-420E-BCEA-C8FE9C0CBA38}.Debug|Any CPU.Build.0 = Debug|Any CPU
		{41570764-DB22-420E-BCEA-C8FE9C0CBA38}.Release|Any CPU.ActiveCfg = Release|Any CPU
		{41570764-DB22-420E-BCEA-C8FE9C0CBA38}.Release|Any CPU.Build.0 = Release|Any CPU
		{9857E03B-0689-4C35-95E1-E4C2C3E27283}.Debug|Any CPU.ActiveCfg = Debug|Any CPU
		{9857E03B-0689-4C35-95E1-E4C2C3E27283}.Debug|Any CPU.Build.0 = Debug|Any CPU
		{9857E03B-0689-4C35-95E1-E4C2C3E27283}.Release|Any CPU.ActiveCfg = Release|Any CPU
		{9857E03B-0689-4C35-95E1-E4C2C3E27283}.Release|Any CPU.Build.0 = Release|Any CPU
		{EB4F5437-F800-4DE4-B59B-22FF07EA1BD5}.Debug|Any CPU.ActiveCfg = Debug|Any CPU
		{EB4F5437-F800-4DE4-B59B-22FF07EA1BD5}.Debug|Any CPU.Build.0 = Debug|Any CPU
		{EB4F5437-F800-4DE4-B59B-22FF07EA1BD5}.Release|Any CPU.ActiveCfg = Release|Any CPU
		{EB4F5437-F800-4DE4-B59B-22FF07EA1BD5}.Release|Any CPU.Build.0 = Release|Any CPU
		{F6CA1D03-4598-49F0-8E4A-7D83AEA0E733}.Debug|Any CPU.ActiveCfg = Debug|Any CPU
		{F6CA1D03-4598-49F0-8E4A-7D83AEA0E733}.Debug|Any CPU.Build.0 = Debug|Any CPU
		{F6CA1D03-4598-49F0-8E4A-7D83AEA0E733}.Release|Any CPU.ActiveCfg = Release|Any CPU
		{F6CA1D03-4598-49F0-8E4A-7D83AEA0E733}.Release|Any CPU.Build.0 = Release|Any CPU
		{FCEE3E64-5FDD-4CD2-9BA1-98C7715F050D}.Debug|Any CPU.ActiveCfg = Debug|Any CPU
		{FCEE3E64-5FDD-4CD2-9BA1-98C7715F050D}.Debug|Any CPU.Build.0 = Debug|Any CPU
		{FCEE3E64-5FDD-4CD2-9BA1-98C7715F050D}.Release|Any CPU.ActiveCfg = Release|Any CPU
		{FCEE3E64-5FDD-4CD2-9BA1-98C7715F050D}.Release|Any CPU.Build.0 = Release|Any CPU
		{C2B2A8B6-27E1-480B-8EE6-0F7ED1354BFC}.Debug|Any CPU.ActiveCfg = Debug|Any CPU
		{C2B2A8B6-27E1-480B-8EE6-0F7ED1354BFC}.Debug|Any CPU.Build.0 = Debug|Any CPU
		{C2B2A8B6-27E1-480B-8EE6-0F7ED1354BFC}.Release|Any CPU.ActiveCfg = Release|Any CPU
		{C2B2A8B6-27E1-480B-8EE6-0F7ED1354BFC}.Release|Any CPU.Build.0 = Release|Any CPU
		{323B1D9F-912A-4E31-85FF-F607933D7371}.Debug|Any CPU.ActiveCfg = Debug|Any CPU
		{323B1D9F-912A-4E31-85FF-F607933D7371}.Debug|Any CPU.Build.0 = Debug|Any CPU
		{323B1D9F-912A-4E31-85FF-F607933D7371}.Release|Any CPU.ActiveCfg = Release|Any CPU
		{323B1D9F-912A-4E31-85FF-F607933D7371}.Release|Any CPU.Build.0 = Release|Any CPU
		{FBC358BA-6F23-4C6D-B997-4DE31498AD8A}.Debug|Any CPU.ActiveCfg = Debug|Any CPU
		{FBC358BA-6F23-4C6D-B997-4DE31498AD8A}.Debug|Any CPU.Build.0 = Debug|Any CPU
		{FBC358BA-6F23-4C6D-B997-4DE31498AD8A}.Release|Any CPU.ActiveCfg = Release|Any CPU
		{FBC358BA-6F23-4C6D-B997-4DE31498AD8A}.Release|Any CPU.Build.0 = Release|Any CPU
		{C921733D-2DA4-433F-9787-B7E52B2C8D8E}.Debug|Any CPU.ActiveCfg = Debug|Any CPU
		{C921733D-2DA4-433F-9787-B7E52B2C8D8E}.Debug|Any CPU.Build.0 = Debug|Any CPU
		{C921733D-2DA4-433F-9787-B7E52B2C8D8E}.Release|Any CPU.ActiveCfg = Release|Any CPU
		{C921733D-2DA4-433F-9787-B7E52B2C8D8E}.Release|Any CPU.Build.0 = Release|Any CPU
		{364D32DA-B627-4E2A-BF31-8F9A0C025AFE}.Debug|Any CPU.ActiveCfg = Debug|Any CPU
		{364D32DA-B627-4E2A-BF31-8F9A0C025AFE}.Debug|Any CPU.Build.0 = Debug|Any CPU
		{364D32DA-B627-4E2A-BF31-8F9A0C025AFE}.Release|Any CPU.ActiveCfg = Release|Any CPU
		{364D32DA-B627-4E2A-BF31-8F9A0C025AFE}.Release|Any CPU.Build.0 = Release|Any CPU
		{78773D71-26D4-4A36-8260-5192B2F2D9CF}.Debug|Any CPU.ActiveCfg = Debug|Any CPU
		{78773D71-26D4-4A36-8260-5192B2F2D9CF}.Debug|Any CPU.Build.0 = Debug|Any CPU
		{78773D71-26D4-4A36-8260-5192B2F2D9CF}.Release|Any CPU.ActiveCfg = Release|Any CPU
		{78773D71-26D4-4A36-8260-5192B2F2D9CF}.Release|Any CPU.Build.0 = Release|Any CPU
		{1270BB7A-8C58-4D8A-8AC3-76A7B7871795}.Debug|Any CPU.ActiveCfg = Debug|Any CPU
		{1270BB7A-8C58-4D8A-8AC3-76A7B7871795}.Debug|Any CPU.Build.0 = Debug|Any CPU
		{1270BB7A-8C58-4D8A-8AC3-76A7B7871795}.Release|Any CPU.ActiveCfg = Release|Any CPU
		{1270BB7A-8C58-4D8A-8AC3-76A7B7871795}.Release|Any CPU.Build.0 = Release|Any CPU
		{FF7C7D2D-F738-439F-97AD-2AADAD7637BD}.Debug|Any CPU.ActiveCfg = Debug|Any CPU
		{FF7C7D2D-F738-439F-97AD-2AADAD7637BD}.Debug|Any CPU.Build.0 = Debug|Any CPU
		{FF7C7D2D-F738-439F-97AD-2AADAD7637BD}.Release|Any CPU.ActiveCfg = Release|Any CPU
		{FF7C7D2D-F738-439F-97AD-2AADAD7637BD}.Release|Any CPU.Build.0 = Release|Any CPU
		{6439D7FF-E208-40DC-8362-A389D2F6C630}.Debug|Any CPU.ActiveCfg = Debug|Any CPU
		{6439D7FF-E208-40DC-8362-A389D2F6C630}.Debug|Any CPU.Build.0 = Debug|Any CPU
		{6439D7FF-E208-40DC-8362-A389D2F6C630}.Release|Any CPU.ActiveCfg = Release|Any CPU
		{6439D7FF-E208-40DC-8362-A389D2F6C630}.Release|Any CPU.Build.0 = Release|Any CPU
		{EEDEABD8-42E2-43DF-B9EA-945F72C50C1C}.Debug|Any CPU.ActiveCfg = Debug|Any CPU
		{EEDEABD8-42E2-43DF-B9EA-945F72C50C1C}.Debug|Any CPU.Build.0 = Debug|Any CPU
		{EEDEABD8-42E2-43DF-B9EA-945F72C50C1C}.Release|Any CPU.ActiveCfg = Release|Any CPU
		{EEDEABD8-42E2-43DF-B9EA-945F72C50C1C}.Release|Any CPU.Build.0 = Release|Any CPU
		{09C73DE2-7815-41F6-8856-167312F41104}.Debug|Any CPU.ActiveCfg = Debug|Any CPU
		{09C73DE2-7815-41F6-8856-167312F41104}.Debug|Any CPU.Build.0 = Debug|Any CPU
		{09C73DE2-7815-41F6-8856-167312F41104}.Release|Any CPU.ActiveCfg = Release|Any CPU
		{09C73DE2-7815-41F6-8856-167312F41104}.Release|Any CPU.Build.0 = Release|Any CPU
		{0CF9609C-0770-43C0-8DFC-A4DAA1746891}.Debug|Any CPU.ActiveCfg = Debug|Any CPU
		{0CF9609C-0770-43C0-8DFC-A4DAA1746891}.Debug|Any CPU.Build.0 = Debug|Any CPU
		{0CF9609C-0770-43C0-8DFC-A4DAA1746891}.Release|Any CPU.ActiveCfg = Release|Any CPU
		{0CF9609C-0770-43C0-8DFC-A4DAA1746891}.Release|Any CPU.Build.0 = Release|Any CPU
		{7FA39AEF-EE41-4853-B2A0-B3A933B393CB}.Debug|Any CPU.ActiveCfg = Debug|Any CPU
		{7FA39AEF-EE41-4853-B2A0-B3A933B393CB}.Debug|Any CPU.Build.0 = Debug|Any CPU
		{7FA39AEF-EE41-4853-B2A0-B3A933B393CB}.Release|Any CPU.ActiveCfg = Release|Any CPU
		{7FA39AEF-EE41-4853-B2A0-B3A933B393CB}.Release|Any CPU.Build.0 = Release|Any CPU
		{65C6D41C-6B5E-4C84-9538-06EFA3D68E00}.Debug|Any CPU.ActiveCfg = Debug|Any CPU
		{65C6D41C-6B5E-4C84-9538-06EFA3D68E00}.Debug|Any CPU.Build.0 = Debug|Any CPU
		{65C6D41C-6B5E-4C84-9538-06EFA3D68E00}.Release|Any CPU.ActiveCfg = Release|Any CPU
		{65C6D41C-6B5E-4C84-9538-06EFA3D68E00}.Release|Any CPU.Build.0 = Release|Any CPU
		{2FB58CC3-E69F-4CAA-A93D-0D99E4D0BA54}.Debug|Any CPU.ActiveCfg = Debug|Any CPU
		{2FB58CC3-E69F-4CAA-A93D-0D99E4D0BA54}.Debug|Any CPU.Build.0 = Debug|Any CPU
		{2FB58CC3-E69F-4CAA-A93D-0D99E4D0BA54}.Release|Any CPU.ActiveCfg = Release|Any CPU
		{2FB58CC3-E69F-4CAA-A93D-0D99E4D0BA54}.Release|Any CPU.Build.0 = Release|Any CPU
		{CE39BD38-A768-4B19-BCE7-FCFE09AE704B}.Debug|Any CPU.ActiveCfg = Debug|Any CPU
		{CE39BD38-A768-4B19-BCE7-FCFE09AE704B}.Debug|Any CPU.Build.0 = Debug|Any CPU
		{CE39BD38-A768-4B19-BCE7-FCFE09AE704B}.Release|Any CPU.ActiveCfg = Release|Any CPU
		{CE39BD38-A768-4B19-BCE7-FCFE09AE704B}.Release|Any CPU.Build.0 = Release|Any CPU
		{5CD29672-3697-4966-BE23-D222280F5FE1}.Debug|Any CPU.ActiveCfg = Debug|Any CPU
		{5CD29672-3697-4966-BE23-D222280F5FE1}.Debug|Any CPU.Build.0 = Debug|Any CPU
		{5CD29672-3697-4966-BE23-D222280F5FE1}.Release|Any CPU.ActiveCfg = Release|Any CPU
		{5CD29672-3697-4966-BE23-D222280F5FE1}.Release|Any CPU.Build.0 = Release|Any CPU
		{0360BDAA-16AE-4A8A-99AC-5AAE9758C0EE}.Debug|Any CPU.ActiveCfg = Debug|Any CPU
		{0360BDAA-16AE-4A8A-99AC-5AAE9758C0EE}.Debug|Any CPU.Build.0 = Debug|Any CPU
		{0360BDAA-16AE-4A8A-99AC-5AAE9758C0EE}.Release|Any CPU.ActiveCfg = Release|Any CPU
		{0360BDAA-16AE-4A8A-99AC-5AAE9758C0EE}.Release|Any CPU.Build.0 = Release|Any CPU
		{7F3BC679-9F6D-4ECD-BCC9-A7855FD609D0}.Debug|Any CPU.ActiveCfg = Debug|Any CPU
		{7F3BC679-9F6D-4ECD-BCC9-A7855FD609D0}.Debug|Any CPU.Build.0 = Debug|Any CPU
		{7F3BC679-9F6D-4ECD-BCC9-A7855FD609D0}.Release|Any CPU.ActiveCfg = Release|Any CPU
		{7F3BC679-9F6D-4ECD-BCC9-A7855FD609D0}.Release|Any CPU.Build.0 = Release|Any CPU
		{159C5A6A-BC78-43D4-8CF1-E6A93D372FB4}.Debug|Any CPU.ActiveCfg = Debug|Any CPU
		{159C5A6A-BC78-43D4-8CF1-E6A93D372FB4}.Debug|Any CPU.Build.0 = Debug|Any CPU
		{159C5A6A-BC78-43D4-8CF1-E6A93D372FB4}.Release|Any CPU.ActiveCfg = Release|Any CPU
		{159C5A6A-BC78-43D4-8CF1-E6A93D372FB4}.Release|Any CPU.Build.0 = Release|Any CPU
		{5B9D2677-A886-48D3-95B5-A4962B1D4569}.Debug|Any CPU.ActiveCfg = Debug|Any CPU
		{5B9D2677-A886-48D3-95B5-A4962B1D4569}.Debug|Any CPU.Build.0 = Debug|Any CPU
		{5B9D2677-A886-48D3-95B5-A4962B1D4569}.Release|Any CPU.ActiveCfg = Release|Any CPU
		{5B9D2677-A886-48D3-95B5-A4962B1D4569}.Release|Any CPU.Build.0 = Release|Any CPU
		{77517D5D-2337-4841-977C-45218659BF5B}.Debug|Any CPU.ActiveCfg = Debug|Any CPU
		{77517D5D-2337-4841-977C-45218659BF5B}.Debug|Any CPU.Build.0 = Debug|Any CPU
		{77517D5D-2337-4841-977C-45218659BF5B}.Release|Any CPU.ActiveCfg = Release|Any CPU
		{77517D5D-2337-4841-977C-45218659BF5B}.Release|Any CPU.Build.0 = Release|Any CPU
		{1AF0CED2-1E68-4E57-BC5D-8AABD9BF6DED}.Debug|Any CPU.ActiveCfg = Debug|Any CPU
		{1AF0CED2-1E68-4E57-BC5D-8AABD9BF6DED}.Debug|Any CPU.Build.0 = Debug|Any CPU
		{1AF0CED2-1E68-4E57-BC5D-8AABD9BF6DED}.Release|Any CPU.ActiveCfg = Release|Any CPU
		{1AF0CED2-1E68-4E57-BC5D-8AABD9BF6DED}.Release|Any CPU.Build.0 = Release|Any CPU
		{9213E9EB-C4EF-4DF0-B954-BDAE43B403E9}.Debug|Any CPU.ActiveCfg = Debug|Any CPU
		{9213E9EB-C4EF-4DF0-B954-BDAE43B403E9}.Debug|Any CPU.Build.0 = Debug|Any CPU
		{9213E9EB-C4EF-4DF0-B954-BDAE43B403E9}.Release|Any CPU.ActiveCfg = Release|Any CPU
		{9213E9EB-C4EF-4DF0-B954-BDAE43B403E9}.Release|Any CPU.Build.0 = Release|Any CPU
		{0001B441-8FCB-4D81-8255-64B58942E9FD}.Debug|Any CPU.ActiveCfg = Debug|Any CPU
		{0001B441-8FCB-4D81-8255-64B58942E9FD}.Debug|Any CPU.Build.0 = Debug|Any CPU
		{0001B441-8FCB-4D81-8255-64B58942E9FD}.Release|Any CPU.ActiveCfg = Release|Any CPU
		{0001B441-8FCB-4D81-8255-64B58942E9FD}.Release|Any CPU.Build.0 = Release|Any CPU
		{4898F40A-10DB-49E2-B660-9D68FF2A27FE}.Debug|Any CPU.ActiveCfg = Debug|Any CPU
		{4898F40A-10DB-49E2-B660-9D68FF2A27FE}.Debug|Any CPU.Build.0 = Debug|Any CPU
		{4898F40A-10DB-49E2-B660-9D68FF2A27FE}.Release|Any CPU.ActiveCfg = Release|Any CPU
		{4898F40A-10DB-49E2-B660-9D68FF2A27FE}.Release|Any CPU.Build.0 = Release|Any CPU
		{1CC6CDF9-3618-4CDD-975D-259636D23D26}.Debug|Any CPU.ActiveCfg = Debug|Any CPU
		{1CC6CDF9-3618-4CDD-975D-259636D23D26}.Debug|Any CPU.Build.0 = Debug|Any CPU
		{1CC6CDF9-3618-4CDD-975D-259636D23D26}.Release|Any CPU.ActiveCfg = Release|Any CPU
		{1CC6CDF9-3618-4CDD-975D-259636D23D26}.Release|Any CPU.Build.0 = Release|Any CPU
		{565A5802-1241-445C-99FC-19E03BA2CFFF}.Debug|Any CPU.ActiveCfg = Debug|Any CPU
		{565A5802-1241-445C-99FC-19E03BA2CFFF}.Debug|Any CPU.Build.0 = Debug|Any CPU
		{565A5802-1241-445C-99FC-19E03BA2CFFF}.Release|Any CPU.ActiveCfg = Release|Any CPU
		{565A5802-1241-445C-99FC-19E03BA2CFFF}.Release|Any CPU.Build.0 = Release|Any CPU
		{2CE58508-136F-4304-9D18-99C5FE7684CB}.Debug|Any CPU.ActiveCfg = Debug|Any CPU
		{2CE58508-136F-4304-9D18-99C5FE7684CB}.Debug|Any CPU.Build.0 = Debug|Any CPU
		{2CE58508-136F-4304-9D18-99C5FE7684CB}.Release|Any CPU.ActiveCfg = Release|Any CPU
		{2CE58508-136F-4304-9D18-99C5FE7684CB}.Release|Any CPU.Build.0 = Release|Any CPU
		{39EFB795-073A-4218-BE35-1DB8BA405D49}.Debug|Any CPU.ActiveCfg = Debug|Any CPU
		{39EFB795-073A-4218-BE35-1DB8BA405D49}.Debug|Any CPU.Build.0 = Debug|Any CPU
		{39EFB795-073A-4218-BE35-1DB8BA405D49}.Release|Any CPU.ActiveCfg = Release|Any CPU
		{39EFB795-073A-4218-BE35-1DB8BA405D49}.Release|Any CPU.Build.0 = Release|Any CPU
		{2EB9C1AD-A577-4880-B22B-30A0FB43F2C3}.Debug|Any CPU.ActiveCfg = Debug|Any CPU
		{2EB9C1AD-A577-4880-B22B-30A0FB43F2C3}.Debug|Any CPU.Build.0 = Debug|Any CPU
		{2EB9C1AD-A577-4880-B22B-30A0FB43F2C3}.Release|Any CPU.ActiveCfg = Release|Any CPU
		{2EB9C1AD-A577-4880-B22B-30A0FB43F2C3}.Release|Any CPU.Build.0 = Release|Any CPU
		{59744CE7-D77D-4AA9-B59E-14CBF1F01166}.Debug|Any CPU.ActiveCfg = Debug|Any CPU
		{59744CE7-D77D-4AA9-B59E-14CBF1F01166}.Debug|Any CPU.Build.0 = Debug|Any CPU
		{59744CE7-D77D-4AA9-B59E-14CBF1F01166}.Release|Any CPU.ActiveCfg = Release|Any CPU
		{59744CE7-D77D-4AA9-B59E-14CBF1F01166}.Release|Any CPU.Build.0 = Release|Any CPU
		{6722A8C7-6AFA-4A15-BA02-5C0802C8DFD0}.Debug|Any CPU.ActiveCfg = Debug|Any CPU
		{6722A8C7-6AFA-4A15-BA02-5C0802C8DFD0}.Debug|Any CPU.Build.0 = Debug|Any CPU
		{6722A8C7-6AFA-4A15-BA02-5C0802C8DFD0}.Release|Any CPU.ActiveCfg = Release|Any CPU
		{6722A8C7-6AFA-4A15-BA02-5C0802C8DFD0}.Release|Any CPU.Build.0 = Release|Any CPU
		{4374684F-45C6-4A1A-9346-E488B867E9EC}.Debug|Any CPU.ActiveCfg = Debug|Any CPU
		{4374684F-45C6-4A1A-9346-E488B867E9EC}.Debug|Any CPU.Build.0 = Debug|Any CPU
		{4374684F-45C6-4A1A-9346-E488B867E9EC}.Release|Any CPU.ActiveCfg = Release|Any CPU
		{4374684F-45C6-4A1A-9346-E488B867E9EC}.Release|Any CPU.Build.0 = Release|Any CPU
		{DE03B079-635A-43A8-9EC6-E3C39124AB7B}.Debug|Any CPU.ActiveCfg = Debug|Any CPU
		{DE03B079-635A-43A8-9EC6-E3C39124AB7B}.Debug|Any CPU.Build.0 = Debug|Any CPU
		{DE03B079-635A-43A8-9EC6-E3C39124AB7B}.Release|Any CPU.ActiveCfg = Release|Any CPU
		{DE03B079-635A-43A8-9EC6-E3C39124AB7B}.Release|Any CPU.Build.0 = Release|Any CPU
		{DD5C540D-BA02-4285-A43E-839D16F8BAFC}.Debug|Any CPU.ActiveCfg = Debug|Any CPU
		{DD5C540D-BA02-4285-A43E-839D16F8BAFC}.Debug|Any CPU.Build.0 = Debug|Any CPU
		{DD5C540D-BA02-4285-A43E-839D16F8BAFC}.Release|Any CPU.ActiveCfg = Release|Any CPU
		{DD5C540D-BA02-4285-A43E-839D16F8BAFC}.Release|Any CPU.Build.0 = Release|Any CPU
		{AFE45E80-B766-49FE-ABC5-ED7F8F755BEB}.Debug|Any CPU.ActiveCfg = Debug|Any CPU
		{AFE45E80-B766-49FE-ABC5-ED7F8F755BEB}.Debug|Any CPU.Build.0 = Debug|Any CPU
		{AFE45E80-B766-49FE-ABC5-ED7F8F755BEB}.Release|Any CPU.ActiveCfg = Release|Any CPU
		{AFE45E80-B766-49FE-ABC5-ED7F8F755BEB}.Release|Any CPU.Build.0 = Release|Any CPU
		{F491E7B1-2C74-48C0-842F-00515656D18E}.Debug|Any CPU.ActiveCfg = Debug|Any CPU
		{F491E7B1-2C74-48C0-842F-00515656D18E}.Debug|Any CPU.Build.0 = Debug|Any CPU
		{F491E7B1-2C74-48C0-842F-00515656D18E}.Release|Any CPU.ActiveCfg = Release|Any CPU
		{F491E7B1-2C74-48C0-842F-00515656D18E}.Release|Any CPU.Build.0 = Release|Any CPU
		{ABB8E4AD-590C-45CA-81B4-067A56712AE9}.Debug|Any CPU.ActiveCfg = Debug|Any CPU
		{ABB8E4AD-590C-45CA-81B4-067A56712AE9}.Debug|Any CPU.Build.0 = Debug|Any CPU
		{ABB8E4AD-590C-45CA-81B4-067A56712AE9}.Release|Any CPU.ActiveCfg = Release|Any CPU
		{ABB8E4AD-590C-45CA-81B4-067A56712AE9}.Release|Any CPU.Build.0 = Release|Any CPU
		{198B2AD8-3738-42EE-9891-0125EEE2E891}.Debug|Any CPU.ActiveCfg = Debug|Any CPU
		{198B2AD8-3738-42EE-9891-0125EEE2E891}.Debug|Any CPU.Build.0 = Debug|Any CPU
		{198B2AD8-3738-42EE-9891-0125EEE2E891}.Release|Any CPU.ActiveCfg = Release|Any CPU
		{198B2AD8-3738-42EE-9891-0125EEE2E891}.Release|Any CPU.Build.0 = Release|Any CPU
		{4B114686-1557-412E-9AD8-853E002D7786}.Debug|Any CPU.ActiveCfg = Debug|Any CPU
		{4B114686-1557-412E-9AD8-853E002D7786}.Debug|Any CPU.Build.0 = Debug|Any CPU
		{4B114686-1557-412E-9AD8-853E002D7786}.Release|Any CPU.ActiveCfg = Release|Any CPU
		{4B114686-1557-412E-9AD8-853E002D7786}.Release|Any CPU.Build.0 = Release|Any CPU
		{119F79DE-516C-4612-84EB-0766DA3D1BD4}.Debug|Any CPU.ActiveCfg = Debug|Any CPU
		{119F79DE-516C-4612-84EB-0766DA3D1BD4}.Debug|Any CPU.Build.0 = Debug|Any CPU
		{119F79DE-516C-4612-84EB-0766DA3D1BD4}.Release|Any CPU.ActiveCfg = Release|Any CPU
		{119F79DE-516C-4612-84EB-0766DA3D1BD4}.Release|Any CPU.Build.0 = Release|Any CPU
	EndGlobalSection
	GlobalSection(SolutionProperties) = preSolution
		HideSolutionNode = FALSE
	EndGlobalSection
EndGlobal
