
Microsoft Visual Studio Solution File, Format Version 12.00
# Visual Studio 15
VisualStudioVersion = 15.0.26403.7
MinimumVisualStudioVersion = 10.0.40219.1
Project("{9A19103F-16F7-4668-BE54-9A1E7A4F7556}") = "HelloWorld", "hello-world\HelloWorld.csproj", "{24CE7D5A-A5BD-4BD0-8CA8-FB6F8DE48FAD}"
EndProject
Project("{9A19103F-16F7-4668-BE54-9A1E7A4F7556}") = "Bob", "bob\Bob.csproj", "{C6E9C8E7-6B9A-4B1E-8D42-A612B16C8636}"
EndProject
Project("{9A19103F-16F7-4668-BE54-9A1E7A4F7556}") = "Leap", "leap\Leap.csproj", "{F5D3169E-357E-475D-84DE-E353871789F5}"
EndProject
Project("{9A19103F-16F7-4668-BE54-9A1E7A4F7556}") = "Gigasecond", "gigasecond\Gigasecond.csproj", "{731010FF-9F89-4923-A0E1-99021AEBCC2E}"
EndProject
Project("{9A19103F-16F7-4668-BE54-9A1E7A4F7556}") = "DifferenceOfSquares", "difference-of-squares\DifferenceOfSquares.csproj", "{55788954-D04B-475F-93D2-F0FFF9BE3FD9}"
EndProject
Project("{9A19103F-16F7-4668-BE54-9A1E7A4F7556}") = "RnaTranscription", "rna-transcription\RnaTranscription.csproj", "{38C22193-1749-47DE-95ED-F3A1D65EFA2B}"
EndProject
Project("{9A19103F-16F7-4668-BE54-9A1E7A4F7556}") = "SumOfMultiples", "sum-of-multiples\SumOfMultiples.csproj", "{B072C957-A775-490A-9E07-F3B730870C8D}"
EndProject
Project("{9A19103F-16F7-4668-BE54-9A1E7A4F7556}") = "SpaceAge", "space-age\SpaceAge.csproj", "{5815D7FE-1A5A-4403-A683-05E81F36D63F}"
EndProject
Project("{9A19103F-16F7-4668-BE54-9A1E7A4F7556}") = "Hamming", "hamming\Hamming.csproj", "{E914D5EA-9FCB-47A9-AD8E-870E2ACB3BE7}"
EndProject
Project("{9A19103F-16F7-4668-BE54-9A1E7A4F7556}") = "Grains", "grains\Grains.csproj", "{4EC777F8-F663-4B83-996C-F53795B1ECE2}"
EndProject
Project("{9A19103F-16F7-4668-BE54-9A1E7A4F7556}") = "Pangram", "pangram\Pangram.csproj", "{C422EE39-BD0A-4E96-AAA4-BADF61815BA1}"
EndProject
Project("{9A19103F-16F7-4668-BE54-9A1E7A4F7556}") = "Raindrops", "raindrops\Raindrops.csproj", "{B1B621D7-691A-4A99-BDCC-048FA9E60B73}"
EndProject
Project("{9A19103F-16F7-4668-BE54-9A1E7A4F7556}") = "NucleotideCount", "nucleotide-count\NucleotideCount.csproj", "{E6783EE6-AEE4-40CF-9356-BAEADBCAD707}"
EndProject
Project("{9A19103F-16F7-4668-BE54-9A1E7A4F7556}") = "Accumulate", "accumulate\Accumulate.csproj", "{9602DBC9-27F5-4FDF-B154-8AFA1E6C8ABF}"
EndProject
Project("{9A19103F-16F7-4668-BE54-9A1E7A4F7556}") = "BankAccount", "bank-account\BankAccount.csproj", "{D729B210-CEA9-4A3B-BF71-09CF633C0418}"
EndProject
Project("{9A19103F-16F7-4668-BE54-9A1E7A4F7556}") = "GradeSchool", "grade-school\GradeSchool.csproj", "{AA3123BC-B78A-4648-B8D8-E1C3F2639004}"
EndProject
Project("{9A19103F-16F7-4668-BE54-9A1E7A4F7556}") = "Etl", "etl\Etl.csproj", "{92DE7FCD-9726-48F0-AACE-DD51909F99CE}"
EndProject
Project("{9A19103F-16F7-4668-BE54-9A1E7A4F7556}") = "PhoneNumber", "phone-number\PhoneNumber.csproj", "{EF0BD87C-DBF5-498D-A6E2-30C7129FEE65}"
EndProject
Project("{9A19103F-16F7-4668-BE54-9A1E7A4F7556}") = "Strain", "strain\Strain.csproj", "{8E57D240-3D2D-4C96-AB69-D9A41861305F}"
EndProject
Project("{9A19103F-16F7-4668-BE54-9A1E7A4F7556}") = "ScrabbleScore", "scrabble-score\ScrabbleScore.csproj", "{D66CECA5-F83E-4ED3-8DFB-6034B85213BC}"
EndProject
Project("{9A19103F-16F7-4668-BE54-9A1E7A4F7556}") = "Proverb", "proverb\Proverb.csproj", "{FB309E19-85CA-47A1-BCCF-D1D488D7D6D6}"
EndProject
Project("{9A19103F-16F7-4668-BE54-9A1E7A4F7556}") = "RobotName", "robot-name\RobotName.csproj", "{170B8D89-B4F1-4452-AF57-8D4136DCEF0E}"
EndProject
Project("{9A19103F-16F7-4668-BE54-9A1E7A4F7556}") = "ErrorHandling", "error-handling\ErrorHandling.csproj", "{CB029B06-B55B-4AF0-9445-F81D2C033CDB}"
EndProject
Project("{9A19103F-16F7-4668-BE54-9A1E7A4F7556}") = "KindergartenGarden", "kindergarten-garden\KindergartenGarden.csproj", "{9561A9AA-7234-4E27-B7C2-0A5235F879CD}"
EndProject
Project("{9A19103F-16F7-4668-BE54-9A1E7A4F7556}") = "ProteinTranslation", "protein-translation\ProteinTranslation.csproj", "{828BF76A-6186-4EB6-A42B-3BA367D19F19}"
EndProject
Global
	GlobalSection(SolutionConfigurationPlatforms) = preSolution
		Debug|Any CPU = Debug|Any CPU
		Release|Any CPU = Release|Any CPU
	EndGlobalSection
	GlobalSection(ProjectConfigurationPlatforms) = postSolution
		{24CE7D5A-A5BD-4BD0-8CA8-FB6F8DE48FAD}.Debug|Any CPU.ActiveCfg = Debug|Any CPU
		{24CE7D5A-A5BD-4BD0-8CA8-FB6F8DE48FAD}.Debug|Any CPU.Build.0 = Debug|Any CPU
		{24CE7D5A-A5BD-4BD0-8CA8-FB6F8DE48FAD}.Release|Any CPU.ActiveCfg = Release|Any CPU
		{24CE7D5A-A5BD-4BD0-8CA8-FB6F8DE48FAD}.Release|Any CPU.Build.0 = Release|Any CPU
		{C6E9C8E7-6B9A-4B1E-8D42-A612B16C8636}.Debug|Any CPU.ActiveCfg = Debug|Any CPU
		{C6E9C8E7-6B9A-4B1E-8D42-A612B16C8636}.Debug|Any CPU.Build.0 = Debug|Any CPU
		{C6E9C8E7-6B9A-4B1E-8D42-A612B16C8636}.Release|Any CPU.ActiveCfg = Release|Any CPU
		{C6E9C8E7-6B9A-4B1E-8D42-A612B16C8636}.Release|Any CPU.Build.0 = Release|Any CPU
		{F5D3169E-357E-475D-84DE-E353871789F5}.Debug|Any CPU.ActiveCfg = Debug|Any CPU
		{F5D3169E-357E-475D-84DE-E353871789F5}.Debug|Any CPU.Build.0 = Debug|Any CPU
		{F5D3169E-357E-475D-84DE-E353871789F5}.Release|Any CPU.ActiveCfg = Release|Any CPU
		{F5D3169E-357E-475D-84DE-E353871789F5}.Release|Any CPU.Build.0 = Release|Any CPU
		{731010FF-9F89-4923-A0E1-99021AEBCC2E}.Debug|Any CPU.ActiveCfg = Debug|Any CPU
		{731010FF-9F89-4923-A0E1-99021AEBCC2E}.Debug|Any CPU.Build.0 = Debug|Any CPU
		{731010FF-9F89-4923-A0E1-99021AEBCC2E}.Release|Any CPU.ActiveCfg = Release|Any CPU
		{731010FF-9F89-4923-A0E1-99021AEBCC2E}.Release|Any CPU.Build.0 = Release|Any CPU
		{55788954-D04B-475F-93D2-F0FFF9BE3FD9}.Debug|Any CPU.ActiveCfg = Debug|Any CPU
		{55788954-D04B-475F-93D2-F0FFF9BE3FD9}.Debug|Any CPU.Build.0 = Debug|Any CPU
		{55788954-D04B-475F-93D2-F0FFF9BE3FD9}.Release|Any CPU.ActiveCfg = Release|Any CPU
		{55788954-D04B-475F-93D2-F0FFF9BE3FD9}.Release|Any CPU.Build.0 = Release|Any CPU
		{38C22193-1749-47DE-95ED-F3A1D65EFA2B}.Debug|Any CPU.ActiveCfg = Debug|Any CPU
		{38C22193-1749-47DE-95ED-F3A1D65EFA2B}.Debug|Any CPU.Build.0 = Debug|Any CPU
		{38C22193-1749-47DE-95ED-F3A1D65EFA2B}.Release|Any CPU.ActiveCfg = Release|Any CPU
		{38C22193-1749-47DE-95ED-F3A1D65EFA2B}.Release|Any CPU.Build.0 = Release|Any CPU
		{B072C957-A775-490A-9E07-F3B730870C8D}.Debug|Any CPU.ActiveCfg = Debug|Any CPU
		{B072C957-A775-490A-9E07-F3B730870C8D}.Debug|Any CPU.Build.0 = Debug|Any CPU
		{B072C957-A775-490A-9E07-F3B730870C8D}.Release|Any CPU.ActiveCfg = Release|Any CPU
		{B072C957-A775-490A-9E07-F3B730870C8D}.Release|Any CPU.Build.0 = Release|Any CPU
		{5815D7FE-1A5A-4403-A683-05E81F36D63F}.Debug|Any CPU.ActiveCfg = Debug|Any CPU
		{5815D7FE-1A5A-4403-A683-05E81F36D63F}.Debug|Any CPU.Build.0 = Debug|Any CPU
		{5815D7FE-1A5A-4403-A683-05E81F36D63F}.Release|Any CPU.ActiveCfg = Release|Any CPU
		{5815D7FE-1A5A-4403-A683-05E81F36D63F}.Release|Any CPU.Build.0 = Release|Any CPU
		{E914D5EA-9FCB-47A9-AD8E-870E2ACB3BE7}.Debug|Any CPU.ActiveCfg = Debug|Any CPU
		{E914D5EA-9FCB-47A9-AD8E-870E2ACB3BE7}.Debug|Any CPU.Build.0 = Debug|Any CPU
		{E914D5EA-9FCB-47A9-AD8E-870E2ACB3BE7}.Release|Any CPU.ActiveCfg = Release|Any CPU
		{E914D5EA-9FCB-47A9-AD8E-870E2ACB3BE7}.Release|Any CPU.Build.0 = Release|Any CPU
		{4EC777F8-F663-4B83-996C-F53795B1ECE2}.Debug|Any CPU.ActiveCfg = Debug|Any CPU
		{4EC777F8-F663-4B83-996C-F53795B1ECE2}.Debug|Any CPU.Build.0 = Debug|Any CPU
		{4EC777F8-F663-4B83-996C-F53795B1ECE2}.Release|Any CPU.ActiveCfg = Release|Any CPU
		{4EC777F8-F663-4B83-996C-F53795B1ECE2}.Release|Any CPU.Build.0 = Release|Any CPU
		{C422EE39-BD0A-4E96-AAA4-BADF61815BA1}.Debug|Any CPU.ActiveCfg = Debug|Any CPU
		{C422EE39-BD0A-4E96-AAA4-BADF61815BA1}.Debug|Any CPU.Build.0 = Debug|Any CPU
		{C422EE39-BD0A-4E96-AAA4-BADF61815BA1}.Release|Any CPU.ActiveCfg = Release|Any CPU
		{C422EE39-BD0A-4E96-AAA4-BADF61815BA1}.Release|Any CPU.Build.0 = Release|Any CPU
		{B1B621D7-691A-4A99-BDCC-048FA9E60B73}.Debug|Any CPU.ActiveCfg = Debug|Any CPU
		{B1B621D7-691A-4A99-BDCC-048FA9E60B73}.Debug|Any CPU.Build.0 = Debug|Any CPU
		{B1B621D7-691A-4A99-BDCC-048FA9E60B73}.Release|Any CPU.ActiveCfg = Release|Any CPU
		{B1B621D7-691A-4A99-BDCC-048FA9E60B73}.Release|Any CPU.Build.0 = Release|Any CPU
		{E6783EE6-AEE4-40CF-9356-BAEADBCAD707}.Debug|Any CPU.ActiveCfg = Debug|Any CPU
		{E6783EE6-AEE4-40CF-9356-BAEADBCAD707}.Debug|Any CPU.Build.0 = Debug|Any CPU
		{E6783EE6-AEE4-40CF-9356-BAEADBCAD707}.Release|Any CPU.ActiveCfg = Release|Any CPU
		{E6783EE6-AEE4-40CF-9356-BAEADBCAD707}.Release|Any CPU.Build.0 = Release|Any CPU
		{9602DBC9-27F5-4FDF-B154-8AFA1E6C8ABF}.Debug|Any CPU.ActiveCfg = Debug|Any CPU
		{9602DBC9-27F5-4FDF-B154-8AFA1E6C8ABF}.Debug|Any CPU.Build.0 = Debug|Any CPU
		{9602DBC9-27F5-4FDF-B154-8AFA1E6C8ABF}.Release|Any CPU.ActiveCfg = Release|Any CPU
		{9602DBC9-27F5-4FDF-B154-8AFA1E6C8ABF}.Release|Any CPU.Build.0 = Release|Any CPU
		{D729B210-CEA9-4A3B-BF71-09CF633C0418}.Debug|Any CPU.ActiveCfg = Debug|Any CPU
		{D729B210-CEA9-4A3B-BF71-09CF633C0418}.Debug|Any CPU.Build.0 = Debug|Any CPU
		{D729B210-CEA9-4A3B-BF71-09CF633C0418}.Release|Any CPU.ActiveCfg = Release|Any CPU
		{D729B210-CEA9-4A3B-BF71-09CF633C0418}.Release|Any CPU.Build.0 = Release|Any CPU
		{AA3123BC-B78A-4648-B8D8-E1C3F2639004}.Debug|Any CPU.ActiveCfg = Debug|Any CPU
		{AA3123BC-B78A-4648-B8D8-E1C3F2639004}.Debug|Any CPU.Build.0 = Debug|Any CPU
		{AA3123BC-B78A-4648-B8D8-E1C3F2639004}.Release|Any CPU.ActiveCfg = Release|Any CPU
		{AA3123BC-B78A-4648-B8D8-E1C3F2639004}.Release|Any CPU.Build.0 = Release|Any CPU
		{92DE7FCD-9726-48F0-AACE-DD51909F99CE}.Debug|Any CPU.ActiveCfg = Debug|Any CPU
		{92DE7FCD-9726-48F0-AACE-DD51909F99CE}.Debug|Any CPU.Build.0 = Debug|Any CPU
		{92DE7FCD-9726-48F0-AACE-DD51909F99CE}.Release|Any CPU.ActiveCfg = Release|Any CPU
		{92DE7FCD-9726-48F0-AACE-DD51909F99CE}.Release|Any CPU.Build.0 = Release|Any CPU
		{EF0BD87C-DBF5-498D-A6E2-30C7129FEE65}.Debug|Any CPU.ActiveCfg = Debug|Any CPU
		{EF0BD87C-DBF5-498D-A6E2-30C7129FEE65}.Debug|Any CPU.Build.0 = Debug|Any CPU
		{EF0BD87C-DBF5-498D-A6E2-30C7129FEE65}.Release|Any CPU.ActiveCfg = Release|Any CPU
		{EF0BD87C-DBF5-498D-A6E2-30C7129FEE65}.Release|Any CPU.Build.0 = Release|Any CPU
		{8E57D240-3D2D-4C96-AB69-D9A41861305F}.Debug|Any CPU.ActiveCfg = Debug|Any CPU
		{8E57D240-3D2D-4C96-AB69-D9A41861305F}.Debug|Any CPU.Build.0 = Debug|Any CPU
		{8E57D240-3D2D-4C96-AB69-D9A41861305F}.Release|Any CPU.ActiveCfg = Release|Any CPU
		{8E57D240-3D2D-4C96-AB69-D9A41861305F}.Release|Any CPU.Build.0 = Release|Any CPU
		{D66CECA5-F83E-4ED3-8DFB-6034B85213BC}.Debug|Any CPU.ActiveCfg = Debug|Any CPU
		{D66CECA5-F83E-4ED3-8DFB-6034B85213BC}.Debug|Any CPU.Build.0 = Debug|Any CPU
		{D66CECA5-F83E-4ED3-8DFB-6034B85213BC}.Release|Any CPU.ActiveCfg = Release|Any CPU
		{D66CECA5-F83E-4ED3-8DFB-6034B85213BC}.Release|Any CPU.Build.0 = Release|Any CPU
		{FB309E19-85CA-47A1-BCCF-D1D488D7D6D6}.Debug|Any CPU.ActiveCfg = Debug|Any CPU
		{FB309E19-85CA-47A1-BCCF-D1D488D7D6D6}.Debug|Any CPU.Build.0 = Debug|Any CPU
		{FB309E19-85CA-47A1-BCCF-D1D488D7D6D6}.Release|Any CPU.ActiveCfg = Release|Any CPU
		{FB309E19-85CA-47A1-BCCF-D1D488D7D6D6}.Release|Any CPU.Build.0 = Release|Any CPU
		{170B8D89-B4F1-4452-AF57-8D4136DCEF0E}.Debug|Any CPU.ActiveCfg = Debug|Any CPU
		{170B8D89-B4F1-4452-AF57-8D4136DCEF0E}.Debug|Any CPU.Build.0 = Debug|Any CPU
		{170B8D89-B4F1-4452-AF57-8D4136DCEF0E}.Release|Any CPU.ActiveCfg = Release|Any CPU
		{170B8D89-B4F1-4452-AF57-8D4136DCEF0E}.Release|Any CPU.Build.0 = Release|Any CPU
		{CB029B06-B55B-4AF0-9445-F81D2C033CDB}.Debug|Any CPU.ActiveCfg = Debug|Any CPU
		{CB029B06-B55B-4AF0-9445-F81D2C033CDB}.Debug|Any CPU.Build.0 = Debug|Any CPU
		{CB029B06-B55B-4AF0-9445-F81D2C033CDB}.Release|Any CPU.ActiveCfg = Release|Any CPU
		{CB029B06-B55B-4AF0-9445-F81D2C033CDB}.Release|Any CPU.Build.0 = Release|Any CPU
		{9561A9AA-7234-4E27-B7C2-0A5235F879CD}.Debug|Any CPU.ActiveCfg = Debug|Any CPU
		{9561A9AA-7234-4E27-B7C2-0A5235F879CD}.Debug|Any CPU.Build.0 = Debug|Any CPU
		{9561A9AA-7234-4E27-B7C2-0A5235F879CD}.Release|Any CPU.ActiveCfg = Release|Any CPU
		{9561A9AA-7234-4E27-B7C2-0A5235F879CD}.Release|Any CPU.Build.0 = Release|Any CPU
		{828BF76A-6186-4EB6-A42B-3BA367D19F19}.Debug|Any CPU.ActiveCfg = Debug|Any CPU
		{828BF76A-6186-4EB6-A42B-3BA367D19F19}.Debug|Any CPU.Build.0 = Debug|Any CPU
		{828BF76A-6186-4EB6-A42B-3BA367D19F19}.Release|Any CPU.ActiveCfg = Release|Any CPU
		{828BF76A-6186-4EB6-A42B-3BA367D19F19}.Release|Any CPU.Build.0 = Release|Any CPU
	EndGlobalSection
	GlobalSection(SolutionProperties) = preSolution
		HideSolutionNode = FALSE
	EndGlobalSection
EndGlobal
