
Microsoft Visual Studio Solution File, Format Version 12.00
# Visual Studio 15
VisualStudioVersion = 15.0.26403.7
MinimumVisualStudioVersion = 10.0.40219.1
Project("{9A19103F-16F7-4668-BE54-9A1E7A4F7556}") = "HelloWorld", "hello-world\HelloWorld.csproj", "{24CE7D5A-A5BD-4BD0-8CA8-FB6F8DE48FAD}"
EndProject
Project("{9A19103F-16F7-4668-BE54-9A1E7A4F7556}") = "Bob", "bob\Bob.csproj", "{C6E9C8E7-6B9A-4B1E-8D42-A612B16C8636}"
EndProject
Project("{9A19103F-16F7-4668-BE54-9A1E7A4F7556}") = "Leap", "leap\Leap.csproj", "{F5D3169E-357E-475D-84DE-E353871789F5}"
EndProject
Project("{9A19103F-16F7-4668-BE54-9A1E7A4F7556}") = "Gigasecond", "gigasecond\Gigasecond.csproj", "{731010FF-9F89-4923-A0E1-99021AEBCC2E}"
EndProject
Project("{9A19103F-16F7-4668-BE54-9A1E7A4F7556}") = "DifferenceOfSquares", "difference-of-squares\DifferenceOfSquares.csproj", "{55788954-D04B-475F-93D2-F0FFF9BE3FD9}"
EndProject
Global
	GlobalSection(SolutionConfigurationPlatforms) = preSolution
		Debug|Any CPU = Debug|Any CPU
		Release|Any CPU = Release|Any CPU
	EndGlobalSection
	GlobalSection(ProjectConfigurationPlatforms) = postSolution
		{24CE7D5A-A5BD-4BD0-8CA8-FB6F8DE48FAD}.Debug|Any CPU.ActiveCfg = Debug|Any CPU
		{24CE7D5A-A5BD-4BD0-8CA8-FB6F8DE48FAD}.Debug|Any CPU.Build.0 = Debug|Any CPU
		{24CE7D5A-A5BD-4BD0-8CA8-FB6F8DE48FAD}.Release|Any CPU.ActiveCfg = Release|Any CPU
		{24CE7D5A-A5BD-4BD0-8CA8-FB6F8DE48FAD}.Release|Any CPU.Build.0 = Release|Any CPU
		{C6E9C8E7-6B9A-4B1E-8D42-A612B16C8636}.Debug|Any CPU.ActiveCfg = Debug|Any CPU
		{C6E9C8E7-6B9A-4B1E-8D42-A612B16C8636}.Debug|Any CPU.Build.0 = Debug|Any CPU
		{C6E9C8E7-6B9A-4B1E-8D42-A612B16C8636}.Release|Any CPU.ActiveCfg = Release|Any CPU
		{C6E9C8E7-6B9A-4B1E-8D42-A612B16C8636}.Release|Any CPU.Build.0 = Release|Any CPU
		{F5D3169E-357E-475D-84DE-E353871789F5}.Debug|Any CPU.ActiveCfg = Debug|Any CPU
		{F5D3169E-357E-475D-84DE-E353871789F5}.Debug|Any CPU.Build.0 = Debug|Any CPU
		{F5D3169E-357E-475D-84DE-E353871789F5}.Release|Any CPU.ActiveCfg = Release|Any CPU
		{F5D3169E-357E-475D-84DE-E353871789F5}.Release|Any CPU.Build.0 = Release|Any CPU
		{731010FF-9F89-4923-A0E1-99021AEBCC2E}.Debug|Any CPU.ActiveCfg = Debug|Any CPU
		{731010FF-9F89-4923-A0E1-99021AEBCC2E}.Debug|Any CPU.Build.0 = Debug|Any CPU
		{731010FF-9F89-4923-A0E1-99021AEBCC2E}.Release|Any CPU.ActiveCfg = Release|Any CPU
		{731010FF-9F89-4923-A0E1-99021AEBCC2E}.Release|Any CPU.Build.0 = Release|Any CPU
		{55788954-D04B-475F-93D2-F0FFF9BE3FD9}.Debug|Any CPU.ActiveCfg = Debug|Any CPU
		{55788954-D04B-475F-93D2-F0FFF9BE3FD9}.Debug|Any CPU.Build.0 = Debug|Any CPU
		{55788954-D04B-475F-93D2-F0FFF9BE3FD9}.Release|Any CPU.ActiveCfg = Release|Any CPU
		{55788954-D04B-475F-93D2-F0FFF9BE3FD9}.Release|Any CPU.Build.0 = Release|Any CPU
	EndGlobalSection
	GlobalSection(SolutionProperties) = preSolution
		HideSolutionNode = FALSE
	EndGlobalSection
EndGlobal
